{
  "R": {
    "Version": "4.3.1",
    "Repositories": [
      {
        "Name": "CRAN",
        "URL": "https://cran.rstudio.com"
      },
      {
        "Name": "ropensci",
        "URL": "https://ropensci.r-universe.dev"
      },
      {
        "Name": "rlib",
        "URL": "https://r-lib.r-universe.dev"
      },
      {
        "Name": "rstudio",
        "URL": "https://rstudio.r-universe.dev"
      },
      {
        "Name": "tidyverse",
        "URL": "https://tidyverse.r-universe.dev"
      }
    ]
  },
  "Packages": {
    "renv": {
      "Package": "renv",
      "Version": "0.17.2-23",
      "Source": "Repository",
      "Repository": "CRAN",
      "Requirements": [
        "utils"
      ],
      "Hash": "1f3d7bc8a72e0db83d852475c191ed49"
    }
  }
}
